# This file is autogenerated, do not edit; changes may be undone by the next 'dep ensure'.


[[projects]]
  branch = "master"
  name = "github.com/MovieStoreGuy/artemis"
  packages = ["."]
  revision = "ffce7d7bfdb116664a1aa3603923c1846dab880a"

[solve-meta]
  analyzer-name = "dep"
  analyzer-version = 1
  inputs-digest = "622f934a4b378ba449d45287c54c2d57655c19e486563ce2b4568a21861a5af9"
  solver-name = "gps-cdcl"
  solver-version = 1
